github.com/otiai10/gosseract v2.2.1+incompatible h1:Ry5ltVdpdp4LAa2bMjsSJH34XHVOV7XMi41HtzL8X2I=
github.com/otiai10/gosseract v2.2.1+incompatible/go.mod h1:XrzWItCzCpFRZ35n3YtVTgq5bLAhFIkascoRo8G32QE=
github.com/otiai10/gosseract/v2 v2.4.1 h1:G8AyBpXEeSlcq8TI85LH/pM5SXk8Djy2GEXisgyblRw=
github.com/otiai10/gosseract/v2 v2.4.1/go.mod h1:1gNWP4Hgr2o7yqWfs6r5bZxAatjOIdqWxJLWsTsembk=
gocv.io/x/gocv v0.37.0 h1:sISHvnApErjoJodz1Dxb8UAkFdITOB3vXGslbVu6Knk=
gocv.io/x/gocv v0.37.0/go.mod h1:lmS802zoQmnNvXETpmGriBqWrENPei2GxYx5KUxJsMA=
